// !$*UTF8*$!
{
	archiveVersion = 1;
	classes = {
	};
	objectVersion = 46;
	objects = {

/* Begin PBXBuildFile section */
		9095E7921EB8E589000DACF8 /* AppDelegate.swift in Sources */ = {isa = PBXBuildFile; fileRef = 9095E7911EB8E589000DACF8 /* AppDelegate.swift */; };
		9095E7941EB8E589000DACF8 /* ViewController.swift in Sources */ = {isa = PBXBuildFile; fileRef = 9095E7931EB8E589000DACF8 /* ViewController.swift */; };
		9095E7971EB8E589000DACF8 /* Main.storyboard in Resources */ = {isa = PBXBuildFile; fileRef = 9095E7951EB8E589000DACF8 /* Main.storyboard */; };
		9095E7991EB8E589000DACF8 /* Assets.xcassets in Resources */ = {isa = PBXBuildFile; fileRef = 9095E7981EB8E589000DACF8 /* Assets.xcassets */; };
		9095E79C1EB8E589000DACF8 /* LaunchScreen.storyboard in Resources */ = {isa = PBXBuildFile; fileRef = 9095E79A1EB8E589000DACF8 /* LaunchScreen.storyboard */; };
/* End PBXBuildFile section */

/* Begin PBXFileReference section */
		9095E78E1EB8E589000DACF8 /* EasterDate.app */ = {isa = PBXFileReference; explicitFileType = wrapper.application; includeInIndex = 0; path = EasterDate.app; sourceTree = BUILT_PRODUCTS_DIR; };
		9095E7911EB8E589000DACF8 /* AppDelegate.swift */ = {isa = PBXFileReference; lastKnownFileType = sourcecode.swift; path = AppDelegate.swift; sourceTree = "<group>"; };
		9095E7931EB8E589000DACF8 /* ViewController.swift */ = {isa = PBXFileReference; lastKnownFileType = sourcecode.swift; path = ViewController.swift; sourceTree = "<group>"; };
		9095E7961EB8E589000DACF8 /* Base */ = {isa = PBXFileReference; lastKnownFileType = file.storyboard; name = Base; path = Base.lproj/Main.storyboard; sourceTree = "<group>"; };
		9095E7981EB8E589000DACF8 /* Assets.xcassets */ = {isa = PBXFileReference; lastKnownFileType = folder.assetcatalog; path = Assets.xcassets; sourceTree = "<group>"; };
		9095E79B1EB8E589000DACF8 /* Base */ = {isa = PBXFileReference; lastKnownFileType = file.storyboard; name = Base; path = Base.lproj/LaunchScreen.storyboard; sourceTree = "<group>"; };
		9095E79D1EB8E589000DACF8 /* Info.plist */ = {isa = PBXFileReference; lastKnownFileType = text.plist.xml; path = Info.plist; sourceTree = "<group>"; };
/* End PBXFileReference section */

/* Begin PBXFrameworksBuildPhase section */
		9095E78B1EB8E589000DACF8 /* Frameworks */ = {
			isa = PBXFrameworksBuildPhase;
			buildActionMask = 2147483647;
			files = (
			);
			runOnlyForDeploymentPostprocessing = 0;
		};
/* End PBXFrameworksBuildPhase section */

/* Begin PBXGroup section */
		9095E7851EB8E589000DACF8 = {
			isa = PBXGroup;
			children = (
				9095E7901EB8E589000DACF8 /* EasterDate */,
				9095E78F1EB8E589000DACF8 /* Products */,
			);
			sourceTree = "<group>";
		};
		9095E78F1EB8E589000DACF8 /* Products */ = {
			isa = PBXGroup;
			children = (
				9095E78E1EB8E589000DACF8 /* EasterDate.app */,
			);
			name = Products;
			sourceTree = "<group>";
		};
		9095E7901EB8E589000DACF8 /* EasterDate */ = {
			isa = PBXGroup;
			children = (
				9095E7911EB8E589000DACF8 /* AppDelegate.swift */,
				9095E7931EB8E589000DACF8 /* ViewController.swift */,
				9095E7951EB8E589000DACF8 /* Main.storyboard */,
				9095E7981EB8E589000DACF8 /* Assets.xcassets */,
				9095E79A1EB8E589000DACF8 /* LaunchScreen.storyboard */,
				9095E79D1EB8E589000DACF8 /* Info.plist */,
			);
			path = EasterDate;
			sourceTree = "<group>";
		};
/* End PBXGroup section */

/* Begin PBXNativeTarget section */
		9095E78D1EB8E589000DACF8 /* EasterDate */ = {
			isa = PBXNativeTarget;
			buildConfigurationList = 9095E7A01EB8E589000DACF8 /* Build configuration list for PBXNativeTarget "EasterDate" */;
			buildPhases = (
				9095E78A1EB8E589000DACF8 /* Sources */,
				9095E78B1EB8E589000DACF8 /* Frameworks */,
				9095E78C1EB8E589000DACF8 /* Resources */,
			);
			buildRules = (
			);
			dependencies = (
			);
			name = EasterDate;
			productName = EasterDate;
			productReference = 9095E78E1EB8E589000DACF8 /* EasterDate.app */;
			productType = "com.apple.product-type.application";
		};
/* End PBXNativeTarget section */

/* Begin PBXProject section */
		9095E7861EB8E589000DACF8 /* Project object */ = {
			isa = PBXProject;
			attributes = {
				LastSwiftUpdateCheck = 0820;
				LastUpgradeCheck = 0820;
				ORGANIZATIONNAME = "Eustachio Maselli";
				TargetAttributes = {
					9095E78D1EB8E589000DACF8 = {
						CreatedOnToolsVersion = 8.2.1;
						DevelopmentTeam = TG5CZB48E2;
						ProvisioningStyle = Automatic;
					};
				};
			};
			buildConfigurationList = 9095E7891EB8E589000DACF8 /* Build configuration list for PBXProject "EasterDate" */;
			compatibilityVersion = "Xcode 3.2";
			developmentRegion = English;
			hasScannedForEncodings = 0;
			knownRegions = (
				en,
				Base,
			);
			mainGroup = 9095E7851EB8E589000DACF8;
			productRefGroup = 9095E78F1EB8E589000DACF8 /* Products */;
			projectDirPath = "";
			projectRoot = "";
			targets = (
				9095E78D1EB8E589000DACF8 /* EasterDate */,
			);
		};
/* End PBXProject section */

/* Begin PBXResourcesBuildPhase section */
		9095E78C1EB8E589000DACF8 /* Resources */ = {
			isa = PBXResourcesBuildPhase;
			buildActionMask = 2147483647;
			files = (
				9095E79C1EB8E589000DACF8 /* LaunchScreen.storyboard in Resources */,
				9095E7991EB8E589000DACF8 /* Assets.xcassets in Resources */,
				9095E7971EB8E589000DACF8 /* Main.storyboard in Resources */,
			);
			runOnlyForDeploymentPostprocessing = 0;
		};
/* End PBXResourcesBuildPhase section */

/* Begin PBXSourcesBuildPhase section */
		9095E78A1EB8E589000DACF8 /* Sources */ = {
			isa = PBXSourcesBuildPhase;
			buildActionMask = 2147483647;
			files = (
				9095E7941EB8E589000DACF8 /* ViewController.swift in Sources */,
				9095E7921EB8E589000DACF8 /* AppDelegate.swift in Sources */,
			);
			runOnlyForDeploymentPostprocessing = 0;
		};
/* End PBXSourcesBuildPhase section */

/* Begin PBXVariantGroup section */
		9095E7951EB8E589000DACF8 /* Main.storyboard */ = {
			isa = PBXVariantGroup;
			children = (
				9095E7961EB8E589000DACF8 /* Base */,
			);
			name = Main.storyboard;
			sourceTree = "<group>";
		};
		9095E79A1EB8E589000DACF8 /* LaunchScreen.storyboard */ = {
			isa = PBXVariantGroup;
			children = (
				9095E79B1EB8E589000DACF8 /* Base */,
			);
			name = LaunchScreen.storyboard;
			sourceTree = "<group>";
		};
/* End PBXVariantGroup section */

/* Begin XCBuildConfiguration section */
		9095E79E1EB8E589000DACF8 /* Debug */ = {
			isa = XCBuildConfiguration;
			buildSettings = {
				ALWAYS_SEARCH_USER_PATHS = NO;
				CLANG_ANALYZER_NONNULL = YES;
				CLANG_CXX_LANGUAGE_STANDARD = "gnu++0x";
				CLANG_CXX_LIBRARY = "libc++";
				CLANG_ENABLE_MODULES = YES;
				CLANG_ENABLE_OBJC_ARC = YES;
				CLANG_WARN_BOOL_CONVERSION = YES;
				CLANG_WARN_CONSTANT_CONVERSION = YES;
				CLANG_WARN_DIRECT_OBJC_ISA_USAGE = YES_ERROR;
				CLANG_WARN_DOCUMENTATION_COMMENTS = YES;
				CLANG_WARN_EMPTY_BODY = YES;
				CLANG_WARN_ENUM_CONVERSION = YES;
				CLANG_WARN_INFINITE_RECURSION = YES;
				CLANG_WARN_INT_CONVERSION = YES;
				CLANG_WARN_OBJC_ROOT_CLASS = YES_ERROR;
				CLANG_WARN_SUSPICIOUS_MOVE = YES;
				CLANG_WARN_UNREACHABLE_CODE = YES;
				CLANG_WARN__DUPLICATE_METHOD_MATCH = YES;
				"CODE_SIGN_IDENTITY[sdk=iphoneos*]" = "iPhone Developer";
				COPY_PHASE_STRIP = NO;
				DEBUG_INFORMATION_FORMAT = dwarf;
				ENABLE_STRICT_OBJC_MSGSEND = YES;
				ENABLE_TESTABILITY = YES;
				GCC_C_LANGUAGE_STANDARD = gnu99;
				GCC_DYNAMIC_NO_PIC = NO;
				GCC_NO_COMMON_BLOCKS = YES;
				GCC_OPTIMIZATION_LEVEL = 0;
				GCC_PREPROCESSOR_DEFINITIONS = (
					"DEBUG=1",
					"$(inherited)",
				);
				GCC_WARN_64_TO_32_BIT_CONVERSION = YES;
				GCC_WARN_ABOUT_RETURN_TYPE = YES_ERROR;
				GCC_WARN_UNDECLARED_SELECTOR = YES;
				GCC_WARN_UNINITIALIZED_AUTOS = YES_AGGRESSIVE;
				GCC_WARN_UNUSED_FUNCTION = YES;
				GCC_WARN_UNUSED_VARIABLE = YES;
				IPHONEOS_DEPLOYMENT_TARGET = 10.2;
				MTL_ENABLE_DEBUG_INFO = YES;
				ONLY_ACTIVE_ARCH = YES;
				SDKROOT = iphoneos;
				SWIFT_ACTIVE_COMPILATION_CONDITIONS = DEBUG;
				SWIFT_OPTIMIZATION_LEVEL = "-Onone";
				TARGETED_DEVICE_FAMILY = "1,2";
			};
			name = Debug;
		};
		9095E79F1EB8E589000DACF8 /* Release */ = {
			isa = XCBuildConfiguration;
			buildSettings = {
				ALWAYS_SEARCH_USER_PATHS = NO;
				CLANG_ANALYZER_NONNULL = YES;
				CLANG_CXX_LANGUAGE_STANDARD = "gnu++0x";
				CLANG_CXX_LIBRARY = "libc++";
				CLANG_ENABLE_MODULES = YES;
				CLANG_ENABLE_OBJC_ARC = YES;
				CLANG_WARN_BOOL_CONVERSION = YES;
				CLANG_WARN_CONSTANT_CONVERSION = YES;
				CLANG_WARN_DIRECT_OBJC_ISA_USAGE = YES_ERROR;
				CLANG_WARN_DOCUMENTATION_COMMENTS = YES;
				CLANG_WARN_EMPTY_BODY = YES;
				CLANG_WARN_ENUM_CONVERSION = YES;
				CLANG_WARN_INFINITE_RECURSION = YES;
				CLANG_WARN_INT_CONVERSION = YES;
				CLANG_WARN_OBJC_ROOT_CLASS = YES_ERROR;
				CLANG_WARN_SUSPICIOUS_MOVE = YES;
				CLANG_WARN_UNREACHABLE_CODE = YES;
				CLANG_WARN__DUPLICATE_METHOD_MATCH = YES;
				"CODE_SIGN_IDENTITY[sdk=iphoneos*]" = "iPhone Developer";
				COPY_PHASE_STRIP = NO;
				DEBUG_INFORMATION_FORMAT = "dwarf-with-dsym";
				ENABLE_NS_ASSERTIONS = NO;
				ENABLE_STRICT_OBJC_MSGSEND = YES;
				GCC_C_LANGUAGE_STANDARD = gnu99;
				GCC_NO_COMMON_BLOCKS = YES;
				GCC_WARN_64_TO_32_BIT_CONVERSION = YES;
				GCC_WARN_ABOUT_RETURN_TYPE = YES_ERROR;
				GCC_WARN_UNDECLARED_SELECTOR = YES;
				GCC_WARN_UNINITIALIZED_AUTOS = YES_AGGRESSIVE;
				GCC_WARN_UNUSED_FUNCTION = YES;
				GCC_WARN_UNUSED_VARIABLE = YES;
				IPHONEOS_DEPLOYMENT_TARGET = 10.2;
				MTL_ENABLE_DEBUG_INFO = NO;
				SDKROOT = iphoneos;
				SWIFT_OPTIMIZATION_LEVEL = "-Owholemodule";
				TARGETED_DEVICE_FAMILY = "1,2";
				VALIDATE_PRODUCT = YES;
			};
			name = Release;
		};
		9095E7A11EB8E589000DACF8 /* Debug */ = {
			isa = XCBuildConfiguration;
			buildSettings = {
				ASSETCATALOG_COMPILER_APPICON_NAME = AppIcon;
				DEVELOPMENT_TEAM = TG5CZB48E2;
				INFOPLIST_FILE = EasterDate/Info.plist;
				LD_RUNPATH_SEARCH_PATHS = "$(inherited) @executable_path/Frameworks";
				PRODUCT_BUNDLE_IDENTIFIER = it.maseus.EasterDate;
				PRODUCT_NAME = "$(TARGET_NAME)";
				SWIFT_VERSION = 3.0;
			};
			name = Debug;
		};
		9095E7A21EB8E589000DACF8 /* Release */ = {
			isa = XCBuildConfiguration;
			buildSettings = {
				ASSETCATALOG_COMPILER_APPICON_NAME = AppIcon;
				DEVELOPMENT_TEAM = TG5CZB48E2;
				INFOPLIST_FILE = EasterDate/Info.plist;
				LD_RUNPATH_SEARCH_PATHS = "$(inherited) @executable_path/Frameworks";
				PRODUCT_BUNDLE_IDENTIFIER = it.maseus.EasterDate;
				PRODUCT_NAME = "$(TARGET_NAME)";
				SWIFT_VERSION = 3.0;
			};
			name = Release;
		};
/* End XCBuildConfiguration section */

/* Begin XCConfigurationList section */
		9095E7891EB8E589000DACF8 /* Build configuration list for PBXProject "EasterDate" */ = {
			isa = XCConfigurationList;
			buildConfigurations = (
				9095E79E1EB8E589000DACF8 /* Debug */,
				9095E79F1EB8E589000DACF8 /* Release */,
			);
			defaultConfigurationIsVisible = 0;
			defaultConfigurationName = Release;
		};
		9095E7A01EB8E589000DACF8 /* Build configuration list for PBXNativeTarget "EasterDate" */ = {
			isa = XCConfigurationList;
			buildConfigurations = (
				9095E7A11EB8E589000DACF8 /* Debug */,
				9095E7A21EB8E589000DACF8 /* Release */,
			);
			defaultConfigurationIsVisible = 0;
		};
/* End XCConfigurationList section */
	};
	rootObject = 9095E7861EB8E589000DACF8 /* Project object */;
}
